{
  "version": 1,
  "dependencies": {
    "net9.0-windows7.0": {
      "DalamudPackager": {
        "type": "Direct",
        "requested": "[12.0.0, )",
        "resolved": "12.0.0",
        "contentHash": "J5TJLV3f16T/E2H2P17ClWjtfEBPpq3yxvqW46eN36JCm6wR+EaoaYkqG9Rm5sHqs3/nK/vKjWWyvEs/jhKoXw=="
      },
      "Discord.Net": {
        "type": "Direct",
        "requested": "[3.17.1, )",
        "resolved": "3.17.1",
        "contentHash": "xD8FiscFW4gT+G6pxjESEFiDAHFI6UbZCjMMBNVMOT68lvjP929tpchIrbvCBVNtHT+P2X9AZYiYYTOyL+VLLA==",
        "dependencies": {
          "Discord.Net.Commands": "3.17.1",
          "Discord.Net.Core": "3.17.1",
          "Discord.Net.Interactions": "3.17.1",
          "Discord.Net.Rest": "3.17.1",
          "Discord.Net.WebSocket": "3.17.1",
          "Discord.Net.Webhook": "3.17.1"
        }
      },
      "DotNet.ReproducibleBuilds": {
        "type": "Direct",
        "requested": "[1.2.25, )",
        "resolved": "1.2.25",
        "contentHash": "xCXiw7BCxHJ8pF6wPepRUddlh2dlQlbr81gXA72hdk4FLHkKXas7EH/n+fk5UCA/YfMqG1Z6XaPiUjDbUNBUzg=="
      },
      "Discord.Net.Commands": {
        "type": "Transitive",
        "resolved": "3.17.1",
        "contentHash": "2gR6hpl+lEsSIF2+BiXEHrQQZffnA9Ovb9/Z45lDK4ebE/1RZvCZbGvJvC6Hul5Y0b6BEkxJTaB1TJH6WxM2dg==",
        "dependencies": {
          "Discord.Net.Core": "3.17.1",
          "Microsoft.Extensions.DependencyInjection.Abstractions": "8.0.0"
        }
      },
      "Discord.Net.Core": {
        "type": "Transitive",
        "resolved": "3.17.1",
        "contentHash": "726zDgzftOfpdhcHp5PhM0Dy4Movct1N/vPIqA4fncsjQWZGyQt8X9a8QHiYdDBaZi2EsPlY3/3raIdkTQPemQ==",
        "dependencies": {
          "Newtonsoft.Json": "13.0.3",
          "System.Collections.Immutable": "8.0.0",
          "System.Interactive.Async": "6.0.1",
          "System.ValueTuple": "4.5.0"
        }
      },
      "Discord.Net.Interactions": {
        "type": "Transitive",
        "resolved": "3.17.1",
        "contentHash": "KkLzB2gaQj8XggVnmbKzy8yHr8bG2ZypTfHbb/z88cEDu3440Ej+lVc/nr4WQVIR+VnlU5Q7cTS44IzwPJYBAQ==",
        "dependencies": {
          "Discord.Net.Core": "3.17.1",
          "Discord.Net.Rest": "3.17.1",
          "Microsoft.Extensions.DependencyInjection.Abstractions": "8.0.0",
          "System.Collections.Immutable": "8.0.0",
          "System.Reactive": "6.0.1"
        }
      },
      "Discord.Net.Rest": {
        "type": "Transitive",
        "resolved": "3.17.1",
        "contentHash": "dvkY/Or8pz82hEE7qyY8QCUm/tcbPrLaknoihKZcezFU0Hj8vxVrfBIUZ1CXhBeOR8DzpEM3yNg4WewU4Fiwpg==",
        "dependencies": {
          "Discord.Net.Core": "3.17.1"
        }
      },
      "Discord.Net.Webhook": {
        "type": "Transitive",
        "resolved": "3.17.1",
        "contentHash": "ge7vTnUsuQLhy8ta63vlgHmycAWvDDVHS3EcgJU5l7f22x24stGk8hZYycaBTp+6qjKKjRvNvUSLCb5bZuPN3A==",
        "dependencies": {
          "Discord.Net.Core": "3.17.1",
          "Discord.Net.Rest": "3.17.1"
        }
      },
      "Discord.Net.WebSocket": {
        "type": "Transitive",
        "resolved": "3.17.1",
        "contentHash": "S65fp0C+CedL3+4XtRifJnsdndC7G84jg7fw7e+WZ1inmMHRnaYaYvaMCM6D0rRAD0h5FHqG+K1vS+C+v576sw==",
        "dependencies": {
          "Discord.Net.Core": "3.17.1",
          "Discord.Net.Rest": "3.17.1"
        }
      },
      "Microsoft.Bcl.AsyncInterfaces": {
        "type": "Transitive",
        "resolved": "6.0.0",
        "contentHash": "UcSjPsst+DfAdJGVDsu346FX0ci0ah+lw3WRtn18NUwEqRt70HaOQ7lI72vy3+1LxtqI3T5GWwV39rQSrCzAeg=="
      },
      "Microsoft.Extensions.DependencyInjection.Abstractions": {
        "type": "Transitive",
        "resolved": "8.0.0",
        "contentHash": "cjWrLkJXK0rs4zofsK4bSdg+jhDLTaxrkXu4gS6Y7MAlCvRyNNgwY/lJi5RDlQOnSZweHqoyvgvbdvQsRIW+hg=="
      },
      "Newtonsoft.Json": {
        "type": "Transitive",
        "resolved": "13.0.3",
        "contentHash": "HrC5BXdl00IP9zeV+0Z848QWPAoCr9P3bDEZguI+gkLcBKAOxix/tLEAAHC+UvDNPv4a2d18lOReHMOagPa+zQ=="
      },
      "System.Collections.Immutable": {
        "type": "Transitive",
        "resolved": "8.0.0",
        "contentHash": "AurL6Y5BA1WotzlEvVaIDpqzpIPvYnnldxru8oXJU2yFxFUy3+pNXjXd1ymO+RA0rq0+590Q8gaz2l3Sr7fmqg=="
      },
      "System.Interactive.Async": {
        "type": "Transitive",
        "resolved": "6.0.1",
        "contentHash": "f8H1O4ZWDQo344y5NQU76G4SIjWMuKDVXL9OM1dg6K5YZnLkc8iCdQDybBvMcC6ufk61jzXGVAX6UCDu0qDSjA==",
        "dependencies": {
          "System.Linq.Async": "6.0.1"
        }
      },
      "System.Linq.Async": {
        "type": "Transitive",
        "resolved": "6.0.1",
        "contentHash": "0YhHcaroWpQ9UCot3Pizah7ryAzQhNvobLMSxeDIGmnXfkQn8u5owvpOH0K6EVB+z9L7u6Cc4W17Br/+jyttEQ==",
        "dependencies": {
          "Microsoft.Bcl.AsyncInterfaces": "6.0.0"
        }
      },
      "System.Reactive": {
        "type": "Transitive",
        "resolved": "6.0.1",
        "contentHash": "rHaWtKDwCi9qJ3ObKo8LHPMuuwv33YbmQi7TcUK1C264V3MFnOr5Im7QgCTdLniztP3GJyeiSg5x8NqYJFqRmg=="
      },
      "System.ValueTuple": {
        "type": "Transitive",
        "resolved": "4.5.0",
        "contentHash": "okurQJO6NRE/apDIP23ajJ0hpiNmJ+f0BwOlB/cSqTLQlw5upkf+5+96+iG2Jw40G1fCVCyPz/FhIABUjMR+RQ=="
      }
    }
  }
}